
Microsoft Visual Studio Solution File, Format Version 12.00
# Visual Studio Version 16
VisualStudioVersion = 16.0.31729.503
MinimumVisualStudioVersion = 10.0.40219.1
Project("{F2A71F9B-5D33-465A-A702-920D77279786}") = "LR7.4", "LR7.4.fsproj", "{B89C0F04-8981-4E0F-9BEA-1E35679142E2}"
EndProject
Global
	GlobalSection(SolutionConfigurationPlatforms) = preSolution
		Debug|Any CPU = Debug|Any CPU
		Release|Any CPU = Release|Any CPU
	EndGlobalSection
	GlobalSection(ProjectConfigurationPlatforms) = postSolution
		{B89C0F04-8981-4E0F-9BEA-1E35679142E2}.Debug|Any CPU.ActiveCfg = Debug|Any CPU
		{B89C0F04-8981-4E0F-9BEA-1E35679142E2}.Debug|Any CPU.Build.0 = Debug|Any CPU
		{B89C0F04-8981-4E0F-9BEA-1E35679142E2}.Release|Any CPU.ActiveCfg = Release|Any CPU
		{B89C0F04-8981-4E0F-9BEA-1E35679142E2}.Release|Any CPU.Build.0 = Release|Any CPU
	EndGlobalSection
	GlobalSection(SolutionProperties) = preSolution
		HideSolutionNode = FALSE
	EndGlobalSection
	GlobalSection(ExtensibilityGlobals) = postSolution
		SolutionGuid = {E3A33E75-8E3F-4E83-8D5C-DBCD40451632}
	EndGlobalSection
EndGlobal
