
Microsoft Visual Studio Solution File, Format Version 12.00
# Visual Studio Version 16
VisualStudioVersion = 16.0.31729.503
MinimumVisualStudioVersion = 10.0.40219.1
Project("{F2A71F9B-5D33-465A-A702-920D77279786}") = "LR6.19", "LR6.19.fsproj", "{8441B008-F759-4848-9599-D6A33AE53D79}"
EndProject
Global
	GlobalSection(SolutionConfigurationPlatforms) = preSolution
		Debug|Any CPU = Debug|Any CPU
		Release|Any CPU = Release|Any CPU
	EndGlobalSection
	GlobalSection(ProjectConfigurationPlatforms) = postSolution
		{8441B008-F759-4848-9599-D6A33AE53D79}.Debug|Any CPU.ActiveCfg = Debug|Any CPU
		{8441B008-F759-4848-9599-D6A33AE53D79}.Debug|Any CPU.Build.0 = Debug|Any CPU
		{8441B008-F759-4848-9599-D6A33AE53D79}.Release|Any CPU.ActiveCfg = Release|Any CPU
		{8441B008-F759-4848-9599-D6A33AE53D79}.Release|Any CPU.Build.0 = Release|Any CPU
	EndGlobalSection
	GlobalSection(SolutionProperties) = preSolution
		HideSolutionNode = FALSE
	EndGlobalSection
	GlobalSection(ExtensibilityGlobals) = postSolution
		SolutionGuid = {AB06F766-9B8A-4E82-9C7B-4C09CF5D1C18}
	EndGlobalSection
EndGlobal
