
Microsoft Visual Studio Solution File, Format Version 12.00
# Visual Studio Version 16
VisualStudioVersion = 16.0.31729.503
MinimumVisualStudioVersion = 10.0.40219.1
Project("{F2A71F9B-5D33-465A-A702-920D77279786}") = "LR9_6", "LR9_6.fsproj", "{EC977C29-7AEA-41E9-8C8E-BEB6A67EE834}"
EndProject
Global
	GlobalSection(SolutionConfigurationPlatforms) = preSolution
		Debug|Any CPU = Debug|Any CPU
		Release|Any CPU = Release|Any CPU
	EndGlobalSection
	GlobalSection(ProjectConfigurationPlatforms) = postSolution
		{EC977C29-7AEA-41E9-8C8E-BEB6A67EE834}.Debug|Any CPU.ActiveCfg = Debug|Any CPU
		{EC977C29-7AEA-41E9-8C8E-BEB6A67EE834}.Debug|Any CPU.Build.0 = Debug|Any CPU
		{EC977C29-7AEA-41E9-8C8E-BEB6A67EE834}.Release|Any CPU.ActiveCfg = Release|Any CPU
		{EC977C29-7AEA-41E9-8C8E-BEB6A67EE834}.Release|Any CPU.Build.0 = Release|Any CPU
	EndGlobalSection
	GlobalSection(SolutionProperties) = preSolution
		HideSolutionNode = FALSE
	EndGlobalSection
	GlobalSection(ExtensibilityGlobals) = postSolution
		SolutionGuid = {6FC2054A-7C67-4B95-ABE5-AD8CB87BD7F6}
	EndGlobalSection
EndGlobal
