
Microsoft Visual Studio Solution File, Format Version 12.00
# Visual Studio Version 16
VisualStudioVersion = 16.0.31729.503
MinimumVisualStudioVersion = 10.0.40219.1
Project("{F2A71F9B-5D33-465A-A702-920D77279786}") = "LR6.13", "LR6.13.fsproj", "{184EACC1-6E98-49B6-A34B-F06E308BB5B7}"
EndProject
Global
	GlobalSection(SolutionConfigurationPlatforms) = preSolution
		Debug|Any CPU = Debug|Any CPU
		Release|Any CPU = Release|Any CPU
	EndGlobalSection
	GlobalSection(ProjectConfigurationPlatforms) = postSolution
		{184EACC1-6E98-49B6-A34B-F06E308BB5B7}.Debug|Any CPU.ActiveCfg = Debug|Any CPU
		{184EACC1-6E98-49B6-A34B-F06E308BB5B7}.Debug|Any CPU.Build.0 = Debug|Any CPU
		{184EACC1-6E98-49B6-A34B-F06E308BB5B7}.Release|Any CPU.ActiveCfg = Release|Any CPU
		{184EACC1-6E98-49B6-A34B-F06E308BB5B7}.Release|Any CPU.Build.0 = Release|Any CPU
	EndGlobalSection
	GlobalSection(SolutionProperties) = preSolution
		HideSolutionNode = FALSE
	EndGlobalSection
	GlobalSection(ExtensibilityGlobals) = postSolution
		SolutionGuid = {61E21F15-2646-40E8-A1DF-73A2906AC38F}
	EndGlobalSection
EndGlobal
