
Microsoft Visual Studio Solution File, Format Version 12.00
# Visual Studio Version 16
VisualStudioVersion = 16.0.31729.503
MinimumVisualStudioVersion = 10.0.40219.1
Project("{F2A71F9B-5D33-465A-A702-920D77279786}") = "LR7.1", "LR7.1.fsproj", "{3E5B76A5-693B-4D03-B7B2-FBA28456ED13}"
EndProject
Global
	GlobalSection(SolutionConfigurationPlatforms) = preSolution
		Debug|Any CPU = Debug|Any CPU
		Release|Any CPU = Release|Any CPU
	EndGlobalSection
	GlobalSection(ProjectConfigurationPlatforms) = postSolution
		{3E5B76A5-693B-4D03-B7B2-FBA28456ED13}.Debug|Any CPU.ActiveCfg = Debug|Any CPU
		{3E5B76A5-693B-4D03-B7B2-FBA28456ED13}.Debug|Any CPU.Build.0 = Debug|Any CPU
		{3E5B76A5-693B-4D03-B7B2-FBA28456ED13}.Release|Any CPU.ActiveCfg = Release|Any CPU
		{3E5B76A5-693B-4D03-B7B2-FBA28456ED13}.Release|Any CPU.Build.0 = Release|Any CPU
	EndGlobalSection
	GlobalSection(SolutionProperties) = preSolution
		HideSolutionNode = FALSE
	EndGlobalSection
	GlobalSection(ExtensibilityGlobals) = postSolution
		SolutionGuid = {9E527E1A-37BD-4337-A6E1-48C360D57378}
	EndGlobalSection
EndGlobal
