
Microsoft Visual Studio Solution File, Format Version 12.00
# Visual Studio Version 16
VisualStudioVersion = 16.0.31729.503
MinimumVisualStudioVersion = 10.0.40219.1
Project("{F2A71F9B-5D33-465A-A702-920D77279786}") = "LR9_9", "LR9_9.fsproj", "{B73B09E6-5C67-4007-88B6-3751A529892A}"
EndProject
Project("{FAE04EC0-301F-11D3-BF4B-00C04F79EFBC}") = "UI", "..\UI\UI.csproj", "{C54F09C6-CF32-4543-99E1-C34829323C15}"
EndProject
Global
	GlobalSection(SolutionConfigurationPlatforms) = preSolution
		Debug|Any CPU = Debug|Any CPU
		Release|Any CPU = Release|Any CPU
	EndGlobalSection
	GlobalSection(ProjectConfigurationPlatforms) = postSolution
		{B73B09E6-5C67-4007-88B6-3751A529892A}.Debug|Any CPU.ActiveCfg = Debug|Any CPU
		{B73B09E6-5C67-4007-88B6-3751A529892A}.Debug|Any CPU.Build.0 = Debug|Any CPU
		{B73B09E6-5C67-4007-88B6-3751A529892A}.Release|Any CPU.ActiveCfg = Release|Any CPU
		{B73B09E6-5C67-4007-88B6-3751A529892A}.Release|Any CPU.Build.0 = Release|Any CPU
		{C54F09C6-CF32-4543-99E1-C34829323C15}.Debug|Any CPU.ActiveCfg = Debug|Any CPU
		{C54F09C6-CF32-4543-99E1-C34829323C15}.Debug|Any CPU.Build.0 = Debug|Any CPU
		{C54F09C6-CF32-4543-99E1-C34829323C15}.Release|Any CPU.ActiveCfg = Release|Any CPU
		{C54F09C6-CF32-4543-99E1-C34829323C15}.Release|Any CPU.Build.0 = Release|Any CPU
	EndGlobalSection
	GlobalSection(SolutionProperties) = preSolution
		HideSolutionNode = FALSE
	EndGlobalSection
	GlobalSection(ExtensibilityGlobals) = postSolution
		SolutionGuid = {B26EF157-90DA-43D0-8359-BF0118E5E552}
	EndGlobalSection
EndGlobal
