
Microsoft Visual Studio Solution File, Format Version 12.00
# Visual Studio Version 16
VisualStudioVersion = 16.0.31729.503
MinimumVisualStudioVersion = 10.0.40219.1
Project("{F2A71F9B-5D33-465A-A702-920D77279786}") = "LR5.18", "LR5.18.fsproj", "{166D8C53-6BC2-4361-A996-2E8A2DF8A277}"
EndProject
Global
	GlobalSection(SolutionConfigurationPlatforms) = preSolution
		Debug|Any CPU = Debug|Any CPU
		Release|Any CPU = Release|Any CPU
	EndGlobalSection
	GlobalSection(ProjectConfigurationPlatforms) = postSolution
		{166D8C53-6BC2-4361-A996-2E8A2DF8A277}.Debug|Any CPU.ActiveCfg = Debug|Any CPU
		{166D8C53-6BC2-4361-A996-2E8A2DF8A277}.Debug|Any CPU.Build.0 = Debug|Any CPU
		{166D8C53-6BC2-4361-A996-2E8A2DF8A277}.Release|Any CPU.ActiveCfg = Release|Any CPU
		{166D8C53-6BC2-4361-A996-2E8A2DF8A277}.Release|Any CPU.Build.0 = Release|Any CPU
	EndGlobalSection
	GlobalSection(SolutionProperties) = preSolution
		HideSolutionNode = FALSE
	EndGlobalSection
	GlobalSection(ExtensibilityGlobals) = postSolution
		SolutionGuid = {0A5DBAC4-667A-42A6-AC48-506F0408E79D}
	EndGlobalSection
EndGlobal
