
Microsoft Visual Studio Solution File, Format Version 12.00
# Visual Studio Version 16
VisualStudioVersion = 16.0.31729.503
MinimumVisualStudioVersion = 10.0.40219.1
Project("{F2A71F9B-5D33-465A-A702-920D77279786}") = "LR5.19", "LR5.19.fsproj", "{EE6BE966-8C46-422E-9CAC-93D921481406}"
EndProject
Global
	GlobalSection(SolutionConfigurationPlatforms) = preSolution
		Debug|Any CPU = Debug|Any CPU
		Release|Any CPU = Release|Any CPU
	EndGlobalSection
	GlobalSection(ProjectConfigurationPlatforms) = postSolution
		{EE6BE966-8C46-422E-9CAC-93D921481406}.Debug|Any CPU.ActiveCfg = Debug|Any CPU
		{EE6BE966-8C46-422E-9CAC-93D921481406}.Debug|Any CPU.Build.0 = Debug|Any CPU
		{EE6BE966-8C46-422E-9CAC-93D921481406}.Release|Any CPU.ActiveCfg = Release|Any CPU
		{EE6BE966-8C46-422E-9CAC-93D921481406}.Release|Any CPU.Build.0 = Release|Any CPU
	EndGlobalSection
	GlobalSection(SolutionProperties) = preSolution
		HideSolutionNode = FALSE
	EndGlobalSection
	GlobalSection(ExtensibilityGlobals) = postSolution
		SolutionGuid = {D93A805D-4BFD-4C04-8F6B-8F5D478C8875}
	EndGlobalSection
EndGlobal
