
Microsoft Visual Studio Solution File, Format Version 12.00
# Visual Studio Version 16
VisualStudioVersion = 16.0.31729.503
MinimumVisualStudioVersion = 10.0.40219.1
Project("{F2A71F9B-5D33-465A-A702-920D77279786}") = "LR6.12", "LR6.12.fsproj", "{DA48711E-BDC4-4035-91ED-1D37EDF2D68D}"
EndProject
Global
	GlobalSection(SolutionConfigurationPlatforms) = preSolution
		Debug|Any CPU = Debug|Any CPU
		Release|Any CPU = Release|Any CPU
	EndGlobalSection
	GlobalSection(ProjectConfigurationPlatforms) = postSolution
		{DA48711E-BDC4-4035-91ED-1D37EDF2D68D}.Debug|Any CPU.ActiveCfg = Debug|Any CPU
		{DA48711E-BDC4-4035-91ED-1D37EDF2D68D}.Debug|Any CPU.Build.0 = Debug|Any CPU
		{DA48711E-BDC4-4035-91ED-1D37EDF2D68D}.Release|Any CPU.ActiveCfg = Release|Any CPU
		{DA48711E-BDC4-4035-91ED-1D37EDF2D68D}.Release|Any CPU.Build.0 = Release|Any CPU
	EndGlobalSection
	GlobalSection(SolutionProperties) = preSolution
		HideSolutionNode = FALSE
	EndGlobalSection
	GlobalSection(ExtensibilityGlobals) = postSolution
		SolutionGuid = {15960303-CF88-4842-9028-719A906187E6}
	EndGlobalSection
EndGlobal
