
Microsoft Visual Studio Solution File, Format Version 12.00
# Visual Studio Version 16
VisualStudioVersion = 16.0.31729.503
MinimumVisualStudioVersion = 10.0.40219.1
Project("{F2A71F9B-5D33-465A-A702-920D77279786}") = "LR5.15", "LR5.15.fsproj", "{A9312EEA-92C8-4897-BF68-A09F631B9497}"
EndProject
Global
	GlobalSection(SolutionConfigurationPlatforms) = preSolution
		Debug|Any CPU = Debug|Any CPU
		Release|Any CPU = Release|Any CPU
	EndGlobalSection
	GlobalSection(ProjectConfigurationPlatforms) = postSolution
		{A9312EEA-92C8-4897-BF68-A09F631B9497}.Debug|Any CPU.ActiveCfg = Debug|Any CPU
		{A9312EEA-92C8-4897-BF68-A09F631B9497}.Debug|Any CPU.Build.0 = Debug|Any CPU
		{A9312EEA-92C8-4897-BF68-A09F631B9497}.Release|Any CPU.ActiveCfg = Release|Any CPU
		{A9312EEA-92C8-4897-BF68-A09F631B9497}.Release|Any CPU.Build.0 = Release|Any CPU
	EndGlobalSection
	GlobalSection(SolutionProperties) = preSolution
		HideSolutionNode = FALSE
	EndGlobalSection
	GlobalSection(ExtensibilityGlobals) = postSolution
		SolutionGuid = {A2047217-CEDE-46BC-BAF4-EFAD46A81A90}
	EndGlobalSection
EndGlobal
