
Microsoft Visual Studio Solution File, Format Version 12.00
# Visual Studio Version 16
VisualStudioVersion = 16.0.31729.503
MinimumVisualStudioVersion = 10.0.40219.1
Project("{F2A71F9B-5D33-465A-A702-920D77279786}") = "LR6.18", "LR6.18.fsproj", "{7EB5C171-C213-41D7-BEA3-9890752F4DC5}"
EndProject
Global
	GlobalSection(SolutionConfigurationPlatforms) = preSolution
		Debug|Any CPU = Debug|Any CPU
		Release|Any CPU = Release|Any CPU
	EndGlobalSection
	GlobalSection(ProjectConfigurationPlatforms) = postSolution
		{7EB5C171-C213-41D7-BEA3-9890752F4DC5}.Debug|Any CPU.ActiveCfg = Debug|Any CPU
		{7EB5C171-C213-41D7-BEA3-9890752F4DC5}.Debug|Any CPU.Build.0 = Debug|Any CPU
		{7EB5C171-C213-41D7-BEA3-9890752F4DC5}.Release|Any CPU.ActiveCfg = Release|Any CPU
		{7EB5C171-C213-41D7-BEA3-9890752F4DC5}.Release|Any CPU.Build.0 = Release|Any CPU
	EndGlobalSection
	GlobalSection(SolutionProperties) = preSolution
		HideSolutionNode = FALSE
	EndGlobalSection
	GlobalSection(ExtensibilityGlobals) = postSolution
		SolutionGuid = {C35F2616-12BD-466E-979D-359EC12D892C}
	EndGlobalSection
EndGlobal
