
Microsoft Visual Studio Solution File, Format Version 12.00
# Visual Studio Version 16
VisualStudioVersion = 16.0.31729.503
MinimumVisualStudioVersion = 10.0.40219.1
Project("{F2A71F9B-5D33-465A-A702-920D77279786}") = "LR6.15", "LR6.15.fsproj", "{4433C6FB-C525-49AE-A4F8-B90C3CAAF796}"
EndProject
Global
	GlobalSection(SolutionConfigurationPlatforms) = preSolution
		Debug|Any CPU = Debug|Any CPU
		Release|Any CPU = Release|Any CPU
	EndGlobalSection
	GlobalSection(ProjectConfigurationPlatforms) = postSolution
		{4433C6FB-C525-49AE-A4F8-B90C3CAAF796}.Debug|Any CPU.ActiveCfg = Debug|Any CPU
		{4433C6FB-C525-49AE-A4F8-B90C3CAAF796}.Debug|Any CPU.Build.0 = Debug|Any CPU
		{4433C6FB-C525-49AE-A4F8-B90C3CAAF796}.Release|Any CPU.ActiveCfg = Release|Any CPU
		{4433C6FB-C525-49AE-A4F8-B90C3CAAF796}.Release|Any CPU.Build.0 = Release|Any CPU
	EndGlobalSection
	GlobalSection(SolutionProperties) = preSolution
		HideSolutionNode = FALSE
	EndGlobalSection
	GlobalSection(ExtensibilityGlobals) = postSolution
		SolutionGuid = {C6C22A9E-9837-46DF-82C3-206411BF024F}
	EndGlobalSection
EndGlobal
